
Microsoft Visual Studio Solution File, Format Version 12.00
# Visual Studio 2012
Project("{8BC9CEB8-8B4A-11D0-8D11-00A0C91BC942}") = "CSSExtHack", "CSSExtHack\CSSExtHack.vcxproj", "{46D46C63-CC92-43BE-A24C-9FB4DF5065DB}"
EndProject
Global
	GlobalSection(TeamFoundationVersionControl) = preSolution
		SccNumberOfProjects = 2
		SccEnterpriseProvider = {4CA58AB2-18FA-4F8D-95D4-32DDF27D184C}
		SccTeamFoundationServer = https://copymark.visualstudio.com/defaultcollection
		SccLocalPath0 = .
		SccProjectUniqueName1 = CSSExtHack\\CSSExtHack.vcxproj
		SccProjectName1 = CSSExtHack
		SccLocalPath1 = CSSExtHack
	EndGlobalSection
	GlobalSection(SolutionConfigurationPlatforms) = preSolution
		Debug|Win32 = Debug|Win32
		Release|Win32 = Release|Win32
	EndGlobalSection
	GlobalSection(ProjectConfigurationPlatforms) = postSolution
		{46D46C63-CC92-43BE-A24C-9FB4DF5065DB}.Debug|Win32.ActiveCfg = Debug|Win32
		{46D46C63-CC92-43BE-A24C-9FB4DF5065DB}.Debug|Win32.Build.0 = Debug|Win32
		{46D46C63-CC92-43BE-A24C-9FB4DF5065DB}.Release|Win32.ActiveCfg = Release|Win32
		{46D46C63-CC92-43BE-A24C-9FB4DF5065DB}.Release|Win32.Build.0 = Release|Win32
	EndGlobalSection
	GlobalSection(SolutionProperties) = preSolution
		HideSolutionNode = FALSE
	EndGlobalSection
EndGlobal
